// !$*UTF8*$!
{
	archiveVersion = 1;
	classes = {
	};
	objectVersion = 46;
	objects = {

/* Begin PBXBuildFile section */
		AA1E293E1DE8E24100B0CC3A /* AppDelegate.swift in Sources */ = {isa = PBXBuildFile; fileRef = AA1E293D1DE8E24100B0CC3A /* AppDelegate.swift */; };
		AA1E29401DE8E24100B0CC3A /* ViewController.swift in Sources */ = {isa = PBXBuildFile; fileRef = AA1E293F1DE8E24100B0CC3A /* ViewController.swift */; };
		AA1E29431DE8E24100B0CC3A /* Main.storyboard in Resources */ = {isa = PBXBuildFile; fileRef = AA1E29411DE8E24100B0CC3A /* Main.storyboard */; };
		AA1E29451DE8E24100B0CC3A /* Assets.xcassets in Resources */ = {isa = PBXBuildFile; fileRef = AA1E29441DE8E24100B0CC3A /* Assets.xcassets */; };
		AA1E29481DE8E24100B0CC3A /* LaunchScreen.storyboard in Resources */ = {isa = PBXBuildFile; fileRef = AA1E29461DE8E24100B0CC3A /* LaunchScreen.storyboard */; };
		AA99E4F31DE8E51900C83A69 /* API.swift in Sources */ = {isa = PBXBuildFile; fileRef = AA99E4F21DE8E51900C83A69 /* API.swift */; };
/* End PBXBuildFile section */

/* Begin PBXFileReference section */
		AA1E293A1DE8E24100B0CC3A /* UI Testing.app */ = {isa = PBXFileReference; explicitFileType = wrapper.application; includeInIndex = 0; path = "UI Testing.app"; sourceTree = BUILT_PRODUCTS_DIR; };
		AA1E293D1DE8E24100B0CC3A /* AppDelegate.swift */ = {isa = PBXFileReference; lastKnownFileType = sourcecode.swift; path = AppDelegate.swift; sourceTree = "<group>"; };
		AA1E293F1DE8E24100B0CC3A /* ViewController.swift */ = {isa = PBXFileReference; lastKnownFileType = sourcecode.swift; path = ViewController.swift; sourceTree = "<group>"; };
		AA1E29421DE8E24100B0CC3A /* Base */ = {isa = PBXFileReference; lastKnownFileType = file.storyboard; name = Base; path = Base.lproj/Main.storyboard; sourceTree = "<group>"; };
		AA1E29441DE8E24100B0CC3A /* Assets.xcassets */ = {isa = PBXFileReference; lastKnownFileType = folder.assetcatalog; path = Assets.xcassets; sourceTree = "<group>"; };
		AA1E29471DE8E24100B0CC3A /* Base */ = {isa = PBXFileReference; lastKnownFileType = file.storyboard; name = Base; path = Base.lproj/LaunchScreen.storyboard; sourceTree = "<group>"; };
		AA1E29491DE8E24100B0CC3A /* Info.plist */ = {isa = PBXFileReference; lastKnownFileType = text.plist.xml; path = Info.plist; sourceTree = "<group>"; };
		AA99E4F21DE8E51900C83A69 /* API.swift */ = {isa = PBXFileReference; fileEncoding = 4; lastKnownFileType = sourcecode.swift; path = API.swift; sourceTree = "<group>"; };
/* End PBXFileReference section */

/* Begin PBXFrameworksBuildPhase section */
		AA1E29371DE8E24100B0CC3A /* Frameworks */ = {
			isa = PBXFrameworksBuildPhase;
			buildActionMask = 2147483647;
			files = (
			);
			runOnlyForDeploymentPostprocessing = 0;
		};
/* End PBXFrameworksBuildPhase section */

/* Begin PBXGroup section */
		AA1E29311DE8E24100B0CC3A = {
			isa = PBXGroup;
			children = (
				AA1E293C1DE8E24100B0CC3A /* UI Testing */,
				AA1E293B1DE8E24100B0CC3A /* Products */,
			);
			sourceTree = "<group>";
		};
		AA1E293B1DE8E24100B0CC3A /* Products */ = {
			isa = PBXGroup;
			children = (
				AA1E293A1DE8E24100B0CC3A /* UI Testing.app */,
			);
			name = Products;
			sourceTree = "<group>";
		};
		AA1E293C1DE8E24100B0CC3A /* UI Testing */ = {
			isa = PBXGroup;
			children = (
				AA99E4F21DE8E51900C83A69 /* API.swift */,
				AA1E293D1DE8E24100B0CC3A /* AppDelegate.swift */,
				AA1E29441DE8E24100B0CC3A /* Assets.xcassets */,
				AA1E29491DE8E24100B0CC3A /* Info.plist */,
				AA1E29461DE8E24100B0CC3A /* LaunchScreen.storyboard */,
				AA1E29411DE8E24100B0CC3A /* Main.storyboard */,
				AA1E293F1DE8E24100B0CC3A /* ViewController.swift */,
			);
			path = "UI Testing";
			sourceTree = "<group>";
		};
/* End PBXGroup section */

/* Begin PBXNativeTarget section */
		AA1E29391DE8E24100B0CC3A /* UI Testing */ = {
			isa = PBXNativeTarget;
			buildConfigurationList = AA1E294C1DE8E24100B0CC3A /* Build configuration list for PBXNativeTarget "UI Testing" */;
			buildPhases = (
				AA1E29361DE8E24100B0CC3A /* Sources */,
				AA1E29371DE8E24100B0CC3A /* Frameworks */,
				AA1E29381DE8E24100B0CC3A /* Resources */,
			);
			buildRules = (
			);
			dependencies = (
			);
			name = "UI Testing";
			productName = "UI Testing";
			productReference = AA1E293A1DE8E24100B0CC3A /* UI Testing.app */;
			productType = "com.apple.product-type.application";
		};
/* End PBXNativeTarget section */

/* Begin PBXProject section */
		AA1E29321DE8E24100B0CC3A /* Project object */ = {
			isa = PBXProject;
			attributes = {
				LastSwiftUpdateCheck = 0810;
				LastUpgradeCheck = 0810;
				ORGANIZATIONNAME = "Graeme Read";
				TargetAttributes = {
					AA1E29391DE8E24100B0CC3A = {
						CreatedOnToolsVersion = 8.1;
						DevelopmentTeam = 7T45WAJ3NZ;
						ProvisioningStyle = Automatic;
					};
				};
			};
			buildConfigurationList = AA1E29351DE8E24100B0CC3A /* Build configuration list for PBXProject "UI Testing" */;
			compatibilityVersion = "Xcode 3.2";
			developmentRegion = English;
			hasScannedForEncodings = 0;
			knownRegions = (
				en,
				Base,
			);
			mainGroup = AA1E29311DE8E24100B0CC3A;
			productRefGroup = AA1E293B1DE8E24100B0CC3A /* Products */;
			projectDirPath = "";
			projectRoot = "";
			targets = (
				AA1E29391DE8E24100B0CC3A /* UI Testing */,
			);
		};
/* End PBXProject section */

/* Begin PBXResourcesBuildPhase section */
		AA1E29381DE8E24100B0CC3A /* Resources */ = {
			isa = PBXResourcesBuildPhase;
			buildActionMask = 2147483647;
			files = (
				AA1E29481DE8E24100B0CC3A /* LaunchScreen.storyboard in Resources */,
				AA1E29451DE8E24100B0CC3A /* Assets.xcassets in Resources */,
				AA1E29431DE8E24100B0CC3A /* Main.storyboard in Resources */,
			);
			runOnlyForDeploymentPostprocessing = 0;
		};
/* End PBXResourcesBuildPhase section */

/* Begin PBXSourcesBuildPhase section */
		AA1E29361DE8E24100B0CC3A /* Sources */ = {
			isa = PBXSourcesBuildPhase;
			buildActionMask = 2147483647;
			files = (
				AA1E29401DE8E24100B0CC3A /* ViewController.swift in Sources */,
				AA99E4F31DE8E51900C83A69 /* API.swift in Sources */,
				AA1E293E1DE8E24100B0CC3A /* AppDelegate.swift in Sources */,
			);
			runOnlyForDeploymentPostprocessing = 0;
		};
/* End PBXSourcesBuildPhase section */

/* Begin PBXVariantGroup section */
		AA1E29411DE8E24100B0CC3A /* Main.storyboard */ = {
			isa = PBXVariantGroup;
			children = (
				AA1E29421DE8E24100B0CC3A /* Base */,
			);
			name = Main.storyboard;
			sourceTree = "<group>";
		};
		AA1E29461DE8E24100B0CC3A /* LaunchScreen.storyboard */ = {
			isa = PBXVariantGroup;
			children = (
				AA1E29471DE8E24100B0CC3A /* Base */,
			);
			name = LaunchScreen.storyboard;
			sourceTree = "<group>";
		};
/* End PBXVariantGroup section */

/* Begin XCBuildConfiguration section */
		AA1E294A1DE8E24100B0CC3A /* Debug */ = {
			isa = XCBuildConfiguration;
			buildSettings = {
				ALWAYS_SEARCH_USER_PATHS = NO;
				CLANG_ANALYZER_NONNULL = YES;
				CLANG_CXX_LANGUAGE_STANDARD = "gnu++0x";
				CLANG_CXX_LIBRARY = "libc++";
				CLANG_ENABLE_MODULES = YES;
				CLANG_ENABLE_OBJC_ARC = YES;
				CLANG_WARN_BOOL_CONVERSION = YES;
				CLANG_WARN_CONSTANT_CONVERSION = YES;
				CLANG_WARN_DIRECT_OBJC_ISA_USAGE = YES_ERROR;
				CLANG_WARN_DOCUMENTATION_COMMENTS = YES;
				CLANG_WARN_EMPTY_BODY = YES;
				CLANG_WARN_ENUM_CONVERSION = YES;
				CLANG_WARN_INFINITE_RECURSION = YES;
				CLANG_WARN_INT_CONVERSION = YES;
				CLANG_WARN_OBJC_ROOT_CLASS = YES_ERROR;
				CLANG_WARN_SUSPICIOUS_MOVES = YES;
				CLANG_WARN_UNREACHABLE_CODE = YES;
				CLANG_WARN__DUPLICATE_METHOD_MATCH = YES;
				"CODE_SIGN_IDENTITY[sdk=iphoneos*]" = "iPhone Developer";
				COPY_PHASE_STRIP = NO;
				DEBUG_INFORMATION_FORMAT = dwarf;
				ENABLE_STRICT_OBJC_MSGSEND = YES;
				ENABLE_TESTABILITY = YES;
				GCC_C_LANGUAGE_STANDARD = gnu99;
				GCC_DYNAMIC_NO_PIC = NO;
				GCC_NO_COMMON_BLOCKS = YES;
				GCC_OPTIMIZATION_LEVEL = 0;
				GCC_PREPROCESSOR_DEFINITIONS = (
					"DEBUG=1",
					"$(inherited)",
				);
				GCC_WARN_64_TO_32_BIT_CONVERSION = YES;
				GCC_WARN_ABOUT_RETURN_TYPE = YES_ERROR;
				GCC_WARN_UNDECLARED_SELECTOR = YES;
				GCC_WARN_UNINITIALIZED_AUTOS = YES_AGGRESSIVE;
				GCC_WARN_UNUSED_FUNCTION = YES;
				GCC_WARN_UNUSED_VARIABLE = YES;
				IPHONEOS_DEPLOYMENT_TARGET = 10.1;
				MTL_ENABLE_DEBUG_INFO = YES;
				ONLY_ACTIVE_ARCH = YES;
				SDKROOT = iphoneos;
				SWIFT_ACTIVE_COMPILATION_CONDITIONS = DEBUG;
				SWIFT_OPTIMIZATION_LEVEL = "-Onone";
				TARGETED_DEVICE_FAMILY = "1,2";
			};
			name = Debug;
		};
		AA1E294B1DE8E24100B0CC3A /* Release */ = {
			isa = XCBuildConfiguration;
			buildSettings = {
				ALWAYS_SEARCH_USER_PATHS = NO;
				CLANG_ANALYZER_NONNULL = YES;
				CLANG_CXX_LANGUAGE_STANDARD = "gnu++0x";
				CLANG_CXX_LIBRARY = "libc++";
				CLANG_ENABLE_MODULES = YES;
				CLANG_ENABLE_OBJC_ARC = YES;
				CLANG_WARN_BOOL_CONVERSION = YES;
				CLANG_WARN_CONSTANT_CONVERSION = YES;
				CLANG_WARN_DIRECT_OBJC_ISA_USAGE = YES_ERROR;
				CLANG_WARN_DOCUMENTATION_COMMENTS = YES;
				CLANG_WARN_EMPTY_BODY = YES;
				CLANG_WARN_ENUM_CONVERSION = YES;
				CLANG_WARN_INFINITE_RECURSION = YES;
				CLANG_WARN_INT_CONVERSION = YES;
				CLANG_WARN_OBJC_ROOT_CLASS = YES_ERROR;
				CLANG_WARN_SUSPICIOUS_MOVES = YES;
				CLANG_WARN_UNREACHABLE_CODE = YES;
				CLANG_WARN__DUPLICATE_METHOD_MATCH = YES;
				"CODE_SIGN_IDENTITY[sdk=iphoneos*]" = "iPhone Developer";
				COPY_PHASE_STRIP = NO;
				DEBUG_INFORMATION_FORMAT = "dwarf-with-dsym";
				ENABLE_NS_ASSERTIONS = NO;
				ENABLE_STRICT_OBJC_MSGSEND = YES;
				GCC_C_LANGUAGE_STANDARD = gnu99;
				GCC_NO_COMMON_BLOCKS = YES;
				GCC_WARN_64_TO_32_BIT_CONVERSION = YES;
				GCC_WARN_ABOUT_RETURN_TYPE = YES_ERROR;
				GCC_WARN_UNDECLARED_SELECTOR = YES;
				GCC_WARN_UNINITIALIZED_AUTOS = YES_AGGRESSIVE;
				GCC_WARN_UNUSED_FUNCTION = YES;
				GCC_WARN_UNUSED_VARIABLE = YES;
				IPHONEOS_DEPLOYMENT_TARGET = 10.1;
				MTL_ENABLE_DEBUG_INFO = NO;
				SDKROOT = iphoneos;
				SWIFT_OPTIMIZATION_LEVEL = "-Owholemodule";
				TARGETED_DEVICE_FAMILY = "1,2";
				VALIDATE_PRODUCT = YES;
			};
			name = Release;
		};
		AA1E294D1DE8E24100B0CC3A /* Debug */ = {
			isa = XCBuildConfiguration;
			buildSettings = {
				ASSETCATALOG_COMPILER_APPICON_NAME = AppIcon;
				DEVELOPMENT_TEAM = 7T45WAJ3NZ;
				INFOPLIST_FILE = "UI Testing/Info.plist";
				LD_RUNPATH_SEARCH_PATHS = "$(inherited) @executable_path/Frameworks";
				PRODUCT_BUNDLE_IDENTIFIER = "net.sigma957.UI-Testing";
				PRODUCT_NAME = "$(TARGET_NAME)";
				SWIFT_VERSION = 3.0;
			};
			name = Debug;
		};
		AA1E294E1DE8E24100B0CC3A /* Release */ = {
			isa = XCBuildConfiguration;
			buildSettings = {
				ASSETCATALOG_COMPILER_APPICON_NAME = AppIcon;
				DEVELOPMENT_TEAM = 7T45WAJ3NZ;
				INFOPLIST_FILE = "UI Testing/Info.plist";
				LD_RUNPATH_SEARCH_PATHS = "$(inherited) @executable_path/Frameworks";
				PRODUCT_BUNDLE_IDENTIFIER = "net.sigma957.UI-Testing";
				PRODUCT_NAME = "$(TARGET_NAME)";
				SWIFT_VERSION = 3.0;
			};
			name = Release;
		};
/* End XCBuildConfiguration section */

/* Begin XCConfigurationList section */
		AA1E29351DE8E24100B0CC3A /* Build configuration list for PBXProject "UI Testing" */ = {
			isa = XCConfigurationList;
			buildConfigurations = (
				AA1E294A1DE8E24100B0CC3A /* Debug */,
				AA1E294B1DE8E24100B0CC3A /* Release */,
			);
			defaultConfigurationIsVisible = 0;
			defaultConfigurationName = Release;
		};
		AA1E294C1DE8E24100B0CC3A /* Build configuration list for PBXNativeTarget "UI Testing" */ = {
			isa = XCConfigurationList;
			buildConfigurations = (
				AA1E294D1DE8E24100B0CC3A /* Debug */,
				AA1E294E1DE8E24100B0CC3A /* Release */,
			);
			defaultConfigurationIsVisible = 0;
			defaultConfigurationName = Release;
		};
/* End XCConfigurationList section */
	};
	rootObject = AA1E29321DE8E24100B0CC3A /* Project object */;
}
